
Microsoft Visual Studio Solution File, Format Version 12.00
# Visual Studio Version 17
VisualStudioVersion = 17.5.33424.131
MinimumVisualStudioVersion = 10.0.40219.1
Project("{FAE04EC0-301F-11D3-BF4B-00C04F79EFBC}") = "ProyectoHelpDesk", "ProyectoHelpDesk\ProyectoHelpDesk.csproj", "{F646D415-CF24-4851-90D4-FE17AD127FB2}"
EndProject
Global
	GlobalSection(SolutionConfigurationPlatforms) = preSolution
		Debug|Any CPU = Debug|Any CPU
		Release|Any CPU = Release|Any CPU
	EndGlobalSection
	GlobalSection(ProjectConfigurationPlatforms) = postSolution
		{F646D415-CF24-4851-90D4-FE17AD127FB2}.Debug|Any CPU.ActiveCfg = Debug|Any CPU
		{F646D415-CF24-4851-90D4-FE17AD127FB2}.Debug|Any CPU.Build.0 = Debug|Any CPU
		{F646D415-CF24-4851-90D4-FE17AD127FB2}.Release|Any CPU.ActiveCfg = Release|Any CPU
		{F646D415-CF24-4851-90D4-FE17AD127FB2}.Release|Any CPU.Build.0 = Release|Any CPU
	EndGlobalSection
	GlobalSection(SolutionProperties) = preSolution
		HideSolutionNode = FALSE
	EndGlobalSection
	GlobalSection(ExtensibilityGlobals) = postSolution
		SolutionGuid = {0CF6FA04-B565-4C95-A5A0-4BAA5453FF77}
	EndGlobalSection
EndGlobal
